
Microsoft Visual Studio Solution File, Format Version 12.00
# Visual Studio 14
VisualStudioVersion = 14.0.24720.0
MinimumVisualStudioVersion = 10.0.40219.1
Project("{2150E333-8FDC-42A3-9474-1A3956D46DE8}") = "Domain", "Domain", "{7F1AD614-ED8C-4E23-8A34-208270A32FA8}"
EndProject
Project("{2150E333-8FDC-42A3-9474-1A3956D46DE8}") = "Infra", "Infra", "{791DC01E-52DA-4912-8916-E9DF4326BCDB}"
EndProject
Project("{2150E333-8FDC-42A3-9474-1A3956D46DE8}") = "Presentation", "Presentation", "{724F2FEB-BC7B-4116-86E6-80D679FC28ED}"
EndProject
Project("{FAE04EC0-301F-11D3-BF4B-00C04F79EFBC}") = "GerenciamentoDeUsuarios.Domain", "GerenciamentoDeUsuarios.Domain\GerenciamentoDeUsuarios.Domain.csproj", "{AB21DF8C-6A06-4342-BD19-F283246F7CC1}"
EndProject
Project("{FAE04EC0-301F-11D3-BF4B-00C04F79EFBC}") = "GerenciamentoDeUsuarios.Infra", "GerenciamentoDeUsuarios.Infra\GerenciamentoDeUsuarios.Infra.csproj", "{6A405040-7860-4C47-89DF-9BAA77B46CF6}"
EndProject
Project("{FAE04EC0-301F-11D3-BF4B-00C04F79EFBC}") = "GerenciamentoDeUsuarios.Presentation", "GerenciamentoDeUsuarios.Presentation\GerenciamentoDeUsuarios.Presentation.csproj", "{FA154E72-07C1-427C-BD8A-60A4DDA99EB0}"
EndProject
Global
	GlobalSection(SolutionConfigurationPlatforms) = preSolution
		Debug|Any CPU = Debug|Any CPU
		Release|Any CPU = Release|Any CPU
	EndGlobalSection
	GlobalSection(ProjectConfigurationPlatforms) = postSolution
		{AB21DF8C-6A06-4342-BD19-F283246F7CC1}.Debug|Any CPU.ActiveCfg = Debug|Any CPU
		{AB21DF8C-6A06-4342-BD19-F283246F7CC1}.Debug|Any CPU.Build.0 = Debug|Any CPU
		{AB21DF8C-6A06-4342-BD19-F283246F7CC1}.Release|Any CPU.ActiveCfg = Release|Any CPU
		{AB21DF8C-6A06-4342-BD19-F283246F7CC1}.Release|Any CPU.Build.0 = Release|Any CPU
		{6A405040-7860-4C47-89DF-9BAA77B46CF6}.Debug|Any CPU.ActiveCfg = Debug|Any CPU
		{6A405040-7860-4C47-89DF-9BAA77B46CF6}.Debug|Any CPU.Build.0 = Debug|Any CPU
		{6A405040-7860-4C47-89DF-9BAA77B46CF6}.Release|Any CPU.ActiveCfg = Release|Any CPU
		{6A405040-7860-4C47-89DF-9BAA77B46CF6}.Release|Any CPU.Build.0 = Release|Any CPU
		{FA154E72-07C1-427C-BD8A-60A4DDA99EB0}.Debug|Any CPU.ActiveCfg = Debug|Any CPU
		{FA154E72-07C1-427C-BD8A-60A4DDA99EB0}.Debug|Any CPU.Build.0 = Debug|Any CPU
		{FA154E72-07C1-427C-BD8A-60A4DDA99EB0}.Release|Any CPU.ActiveCfg = Release|Any CPU
		{FA154E72-07C1-427C-BD8A-60A4DDA99EB0}.Release|Any CPU.Build.0 = Release|Any CPU
	EndGlobalSection
	GlobalSection(SolutionProperties) = preSolution
		HideSolutionNode = FALSE
	EndGlobalSection
	GlobalSection(NestedProjects) = preSolution
		{AB21DF8C-6A06-4342-BD19-F283246F7CC1} = {7F1AD614-ED8C-4E23-8A34-208270A32FA8}
		{6A405040-7860-4C47-89DF-9BAA77B46CF6} = {791DC01E-52DA-4912-8916-E9DF4326BCDB}
		{FA154E72-07C1-427C-BD8A-60A4DDA99EB0} = {724F2FEB-BC7B-4116-86E6-80D679FC28ED}
	EndGlobalSection
EndGlobal
